
Microsoft Visual Studio Solution File, Format Version 12.00
# Visual Studio Version 16
VisualStudioVersion = 16.0.28803.452
MinimumVisualStudioVersion = 10.0.40219.1
Project("{F184B08F-C81C-45F6-A57F-5ABD9991F28F}") = "SSignal_Center", "SSignal_Center\SSignal_Center.vbproj", "{26FB0998-738F-4A2F-8183-BAB4019C2DD5}"
EndProject
Project("{F184B08F-C81C-45F6-A57F-5ABD9991F28F}") = "SSignal_CenterCode", "SSignal_CenterCode\SSignal_CenterCode.vbproj", "{47D284FD-90FD-4E97-8A90-09C5E7E3EBF1}"
EndProject
Project("{F184B08F-C81C-45F6-A57F-5ABD9991F28F}") = "SSignal_Transport", "SSignal_Transport\SSignal_Transport.vbproj", "{3AE5E38E-9F16-48F9-AD42-2ECF7032D2ED}"
EndProject
Project("{F184B08F-C81C-45F6-A57F-5ABD9991F28F}") = "SSignal_TransportCode", "SSignal_TransportCode\SSignal_TransportCode.vbproj", "{EA951F02-8CFC-409B-99DB-0B10E2923130}"
EndProject
Project("{F184B08F-C81C-45F6-A57F-5ABD9991F28F}") = "SSignal_ServerCommonCode", "SSignal_ServerCommonCode\SSignal_ServerCommonCode.vbproj", "{BC549B4D-6941-452E-ADEA-C0E2AD5418EF}"
EndProject
Project("{F184B08F-C81C-45F6-A57F-5ABD9991F28F}") = "SSignal_GlobalCommonCode", "SSignal_GlobalCommonCode\SSignal_GlobalCommonCode.vbproj", "{C20A958F-3F8C-4A69-8E84-7DA0BD460080}"
EndProject
Project("{F184B08F-C81C-45F6-A57F-5ABD9991F28F}") = "SSignal_Website", "SSignal_Website\SSignal_Website.vbproj", "{FD7BC981-458B-44C7-AF98-47B5252CE914}"
EndProject
Project("{F184B08F-C81C-45F6-A57F-5ABD9991F28F}") = "SSignal_WebsiteCode", "SSignal_WebsiteCode\SSignal_WebsiteCode.vbproj", "{6906C7E3-9B1E-4EAE-8A94-39C3F23EDF80}"
EndProject
Project("{F184B08F-C81C-45F6-A57F-5ABD9991F28F}") = "SSignalDB", "SSignalDB\SSignalDB.vbproj", "{0B663D87-978B-4C2D-B30A-2A5CF58EDC99}"
EndProject
Project("{F184B08F-C81C-45F6-A57F-5ABD9991F28F}") = "SSignalDB_Test", "SSignalDB_Test\SSignalDB_Test.vbproj", "{73291340-A2EC-44DD-89C5-78F9A8C9F40B}"
EndProject
Project("{F184B08F-C81C-45F6-A57F-5ABD9991F28F}") = "SSignal_ChatGroup", "SSignal_ChatGroup\SSignal_ChatGroup.vbproj", "{7599B173-5E66-45B0-9E16-DC91776B44CC}"
EndProject
Project("{F184B08F-C81C-45F6-A57F-5ABD9991F28F}") = "SSignal_ChatGroupCode", "SSignal_ChatGroupCode\SSignal_ChatGroupCode.vbproj", "{6F67D8DD-64C9-4264-9C15-7311AC1DA79F}"
EndProject
Project("{F184B08F-C81C-45F6-A57F-5ABD9991F28F}") = "SSignal_Windows", "SSignal_Windows\SSignal_Windows.vbproj", "{741CDA0A-C562-4E7F-AE37-C01DC8C67697}"
EndProject
Project("{F184B08F-C81C-45F6-A57F-5ABD9991F28F}") = "SSignal_TinyUniverse", "SSignal_TinyUniverse\SSignal_TinyUniverse.vbproj", "{DE5B2581-E108-4047-9C2B-29F01CDF77A2}"
EndProject
Project("{F184B08F-C81C-45F6-A57F-5ABD9991F28F}") = "SSignal_TinyUniverseCode", "SSignal_TinyUniverseCode\SSignal_TinyUniverseCode.vbproj", "{3E6ACE73-23C6-4AA7-BEDE-46943AA45A78}"
EndProject
Project("{F184B08F-C81C-45F6-A57F-5ABD9991F28F}") = "SSignal_Protocols", "SSignal_Protocols\SSignal_Protocols.vbproj", "{5B86D92A-7B5C-4A7D-8506-1D0099DFD4D2}"
EndProject
Project("{F184B08F-C81C-45F6-A57F-5ABD9991F28F}") = "SSignal_WebsiteRedirect", "SSignal_WebsiteRedirect\SSignal_WebsiteRedirect.vbproj", "{DB4B442D-9B3C-498D-801D-7C3F12484B28}"
EndProject
Project("{54435603-DBB4-11D2-8724-00A0C9A8B90C}") = "SSignal_Windows_Setup", "SSignal_Windows_Setup\SSignal_Windows_Setup.vdproj", "{6817CAB9-BEF4-4F54-BE5C-12EE52EC6AD4}"
EndProject
Global
	GlobalSection(SolutionConfigurationPlatforms) = preSolution
		Debug|Any CPU = Debug|Any CPU
		Debug|x64 = Debug|x64
		Debug|x86 = Debug|x86
		Release|Any CPU = Release|Any CPU
		Release|x64 = Release|x64
		Release|x86 = Release|x86
	EndGlobalSection
	GlobalSection(ProjectConfigurationPlatforms) = postSolution
		{26FB0998-738F-4A2F-8183-BAB4019C2DD5}.Debug|Any CPU.ActiveCfg = Debug|Any CPU
		{26FB0998-738F-4A2F-8183-BAB4019C2DD5}.Debug|Any CPU.Build.0 = Debug|Any CPU
		{26FB0998-738F-4A2F-8183-BAB4019C2DD5}.Debug|x64.ActiveCfg = Debug|x64
		{26FB0998-738F-4A2F-8183-BAB4019C2DD5}.Debug|x64.Build.0 = Debug|x64
		{26FB0998-738F-4A2F-8183-BAB4019C2DD5}.Debug|x86.ActiveCfg = Debug|Any CPU
		{26FB0998-738F-4A2F-8183-BAB4019C2DD5}.Debug|x86.Build.0 = Debug|Any CPU
		{26FB0998-738F-4A2F-8183-BAB4019C2DD5}.Release|Any CPU.ActiveCfg = Release|Any CPU
		{26FB0998-738F-4A2F-8183-BAB4019C2DD5}.Release|Any CPU.Build.0 = Release|Any CPU
		{26FB0998-738F-4A2F-8183-BAB4019C2DD5}.Release|x64.ActiveCfg = Release|x64
		{26FB0998-738F-4A2F-8183-BAB4019C2DD5}.Release|x64.Build.0 = Release|x64
		{26FB0998-738F-4A2F-8183-BAB4019C2DD5}.Release|x86.ActiveCfg = Release|Any CPU
		{26FB0998-738F-4A2F-8183-BAB4019C2DD5}.Release|x86.Build.0 = Release|Any CPU
		{47D284FD-90FD-4E97-8A90-09C5E7E3EBF1}.Debug|Any CPU.ActiveCfg = Debug|Any CPU
		{47D284FD-90FD-4E97-8A90-09C5E7E3EBF1}.Debug|Any CPU.Build.0 = Debug|Any CPU
		{47D284FD-90FD-4E97-8A90-09C5E7E3EBF1}.Debug|x64.ActiveCfg = Debug|x64
		{47D284FD-90FD-4E97-8A90-09C5E7E3EBF1}.Debug|x64.Build.0 = Debug|x64
		{47D284FD-90FD-4E97-8A90-09C5E7E3EBF1}.Debug|x86.ActiveCfg = Debug|Any CPU
		{47D284FD-90FD-4E97-8A90-09C5E7E3EBF1}.Debug|x86.Build.0 = Debug|Any CPU
		{47D284FD-90FD-4E97-8A90-09C5E7E3EBF1}.Release|Any CPU.ActiveCfg = Release|Any CPU
		{47D284FD-90FD-4E97-8A90-09C5E7E3EBF1}.Release|Any CPU.Build.0 = Release|Any CPU
		{47D284FD-90FD-4E97-8A90-09C5E7E3EBF1}.Release|x64.ActiveCfg = Release|x64
		{47D284FD-90FD-4E97-8A90-09C5E7E3EBF1}.Release|x64.Build.0 = Release|x64
		{47D284FD-90FD-4E97-8A90-09C5E7E3EBF1}.Release|x86.ActiveCfg = Release|Any CPU
		{47D284FD-90FD-4E97-8A90-09C5E7E3EBF1}.Release|x86.Build.0 = Release|Any CPU
		{3AE5E38E-9F16-48F9-AD42-2ECF7032D2ED}.Debug|Any CPU.ActiveCfg = Debug|Any CPU
		{3AE5E38E-9F16-48F9-AD42-2ECF7032D2ED}.Debug|Any CPU.Build.0 = Debug|Any CPU
		{3AE5E38E-9F16-48F9-AD42-2ECF7032D2ED}.Debug|x64.ActiveCfg = Debug|x64
		{3AE5E38E-9F16-48F9-AD42-2ECF7032D2ED}.Debug|x64.Build.0 = Debug|x64
		{3AE5E38E-9F16-48F9-AD42-2ECF7032D2ED}.Debug|x86.ActiveCfg = Debug|Any CPU
		{3AE5E38E-9F16-48F9-AD42-2ECF7032D2ED}.Debug|x86.Build.0 = Debug|Any CPU
		{3AE5E38E-9F16-48F9-AD42-2ECF7032D2ED}.Release|Any CPU.ActiveCfg = Release|Any CPU
		{3AE5E38E-9F16-48F9-AD42-2ECF7032D2ED}.Release|Any CPU.Build.0 = Release|Any CPU
		{3AE5E38E-9F16-48F9-AD42-2ECF7032D2ED}.Release|x64.ActiveCfg = Release|x64
		{3AE5E38E-9F16-48F9-AD42-2ECF7032D2ED}.Release|x64.Build.0 = Release|x64
		{3AE5E38E-9F16-48F9-AD42-2ECF7032D2ED}.Release|x86.ActiveCfg = Release|Any CPU
		{3AE5E38E-9F16-48F9-AD42-2ECF7032D2ED}.Release|x86.Build.0 = Release|Any CPU
		{EA951F02-8CFC-409B-99DB-0B10E2923130}.Debug|Any CPU.ActiveCfg = Debug|Any CPU
		{EA951F02-8CFC-409B-99DB-0B10E2923130}.Debug|Any CPU.Build.0 = Debug|Any CPU
		{EA951F02-8CFC-409B-99DB-0B10E2923130}.Debug|x64.ActiveCfg = Debug|x64
		{EA951F02-8CFC-409B-99DB-0B10E2923130}.Debug|x64.Build.0 = Debug|x64
		{EA951F02-8CFC-409B-99DB-0B10E2923130}.Debug|x86.ActiveCfg = Debug|Any CPU
		{EA951F02-8CFC-409B-99DB-0B10E2923130}.Debug|x86.Build.0 = Debug|Any CPU
		{EA951F02-8CFC-409B-99DB-0B10E2923130}.Release|Any CPU.ActiveCfg = Release|Any CPU
		{EA951F02-8CFC-409B-99DB-0B10E2923130}.Release|Any CPU.Build.0 = Release|Any CPU
		{EA951F02-8CFC-409B-99DB-0B10E2923130}.Release|x64.ActiveCfg = Release|x64
		{EA951F02-8CFC-409B-99DB-0B10E2923130}.Release|x64.Build.0 = Release|x64
		{EA951F02-8CFC-409B-99DB-0B10E2923130}.Release|x86.ActiveCfg = Release|Any CPU
		{EA951F02-8CFC-409B-99DB-0B10E2923130}.Release|x86.Build.0 = Release|Any CPU
		{BC549B4D-6941-452E-ADEA-C0E2AD5418EF}.Debug|Any CPU.ActiveCfg = Debug|Any CPU
		{BC549B4D-6941-452E-ADEA-C0E2AD5418EF}.Debug|Any CPU.Build.0 = Debug|Any CPU
		{BC549B4D-6941-452E-ADEA-C0E2AD5418EF}.Debug|x64.ActiveCfg = Debug|x64
		{BC549B4D-6941-452E-ADEA-C0E2AD5418EF}.Debug|x64.Build.0 = Debug|x64
		{BC549B4D-6941-452E-ADEA-C0E2AD5418EF}.Debug|x86.ActiveCfg = Debug|Any CPU
		{BC549B4D-6941-452E-ADEA-C0E2AD5418EF}.Debug|x86.Build.0 = Debug|Any CPU
		{BC549B4D-6941-452E-ADEA-C0E2AD5418EF}.Release|Any CPU.ActiveCfg = Release|Any CPU
		{BC549B4D-6941-452E-ADEA-C0E2AD5418EF}.Release|Any CPU.Build.0 = Release|Any CPU
		{BC549B4D-6941-452E-ADEA-C0E2AD5418EF}.Release|x64.ActiveCfg = Release|x64
		{BC549B4D-6941-452E-ADEA-C0E2AD5418EF}.Release|x64.Build.0 = Release|x64
		{BC549B4D-6941-452E-ADEA-C0E2AD5418EF}.Release|x86.ActiveCfg = Release|Any CPU
		{BC549B4D-6941-452E-ADEA-C0E2AD5418EF}.Release|x86.Build.0 = Release|Any CPU
		{C20A958F-3F8C-4A69-8E84-7DA0BD460080}.Debug|Any CPU.ActiveCfg = Debug|Any CPU
		{C20A958F-3F8C-4A69-8E84-7DA0BD460080}.Debug|Any CPU.Build.0 = Debug|Any CPU
		{C20A958F-3F8C-4A69-8E84-7DA0BD460080}.Debug|x64.ActiveCfg = Debug|x64
		{C20A958F-3F8C-4A69-8E84-7DA0BD460080}.Debug|x64.Build.0 = Debug|x64
		{C20A958F-3F8C-4A69-8E84-7DA0BD460080}.Debug|x86.ActiveCfg = Debug|Any CPU
		{C20A958F-3F8C-4A69-8E84-7DA0BD460080}.Debug|x86.Build.0 = Debug|Any CPU
		{C20A958F-3F8C-4A69-8E84-7DA0BD460080}.Release|Any CPU.ActiveCfg = Release|Any CPU
		{C20A958F-3F8C-4A69-8E84-7DA0BD460080}.Release|Any CPU.Build.0 = Release|Any CPU
		{C20A958F-3F8C-4A69-8E84-7DA0BD460080}.Release|x64.ActiveCfg = Release|x64
		{C20A958F-3F8C-4A69-8E84-7DA0BD460080}.Release|x64.Build.0 = Release|x64
		{C20A958F-3F8C-4A69-8E84-7DA0BD460080}.Release|x86.ActiveCfg = Release|Any CPU
		{C20A958F-3F8C-4A69-8E84-7DA0BD460080}.Release|x86.Build.0 = Release|Any CPU
		{FD7BC981-458B-44C7-AF98-47B5252CE914}.Debug|Any CPU.ActiveCfg = Debug|Any CPU
		{FD7BC981-458B-44C7-AF98-47B5252CE914}.Debug|Any CPU.Build.0 = Debug|Any CPU
		{FD7BC981-458B-44C7-AF98-47B5252CE914}.Debug|x64.ActiveCfg = Debug|x64
		{FD7BC981-458B-44C7-AF98-47B5252CE914}.Debug|x64.Build.0 = Debug|x64
		{FD7BC981-458B-44C7-AF98-47B5252CE914}.Debug|x86.ActiveCfg = Debug|Any CPU
		{FD7BC981-458B-44C7-AF98-47B5252CE914}.Debug|x86.Build.0 = Debug|Any CPU
		{FD7BC981-458B-44C7-AF98-47B5252CE914}.Release|Any CPU.ActiveCfg = Release|Any CPU
		{FD7BC981-458B-44C7-AF98-47B5252CE914}.Release|Any CPU.Build.0 = Release|Any CPU
		{FD7BC981-458B-44C7-AF98-47B5252CE914}.Release|x64.ActiveCfg = Release|x64
		{FD7BC981-458B-44C7-AF98-47B5252CE914}.Release|x64.Build.0 = Release|x64
		{FD7BC981-458B-44C7-AF98-47B5252CE914}.Release|x86.ActiveCfg = Release|Any CPU
		{FD7BC981-458B-44C7-AF98-47B5252CE914}.Release|x86.Build.0 = Release|Any CPU
		{6906C7E3-9B1E-4EAE-8A94-39C3F23EDF80}.Debug|Any CPU.ActiveCfg = Debug|Any CPU
		{6906C7E3-9B1E-4EAE-8A94-39C3F23EDF80}.Debug|Any CPU.Build.0 = Debug|Any CPU
		{6906C7E3-9B1E-4EAE-8A94-39C3F23EDF80}.Debug|x64.ActiveCfg = Debug|x64
		{6906C7E3-9B1E-4EAE-8A94-39C3F23EDF80}.Debug|x64.Build.0 = Debug|x64
		{6906C7E3-9B1E-4EAE-8A94-39C3F23EDF80}.Debug|x86.ActiveCfg = Debug|Any CPU
		{6906C7E3-9B1E-4EAE-8A94-39C3F23EDF80}.Debug|x86.Build.0 = Debug|Any CPU
		{6906C7E3-9B1E-4EAE-8A94-39C3F23EDF80}.Release|Any CPU.ActiveCfg = Release|Any CPU
		{6906C7E3-9B1E-4EAE-8A94-39C3F23EDF80}.Release|Any CPU.Build.0 = Release|Any CPU
		{6906C7E3-9B1E-4EAE-8A94-39C3F23EDF80}.Release|x64.ActiveCfg = Release|x64
		{6906C7E3-9B1E-4EAE-8A94-39C3F23EDF80}.Release|x64.Build.0 = Release|x64
		{6906C7E3-9B1E-4EAE-8A94-39C3F23EDF80}.Release|x86.ActiveCfg = Release|Any CPU
		{6906C7E3-9B1E-4EAE-8A94-39C3F23EDF80}.Release|x86.Build.0 = Release|Any CPU
		{0B663D87-978B-4C2D-B30A-2A5CF58EDC99}.Debug|Any CPU.ActiveCfg = Debug|Any CPU
		{0B663D87-978B-4C2D-B30A-2A5CF58EDC99}.Debug|Any CPU.Build.0 = Debug|Any CPU
		{0B663D87-978B-4C2D-B30A-2A5CF58EDC99}.Debug|x64.ActiveCfg = Debug|x64
		{0B663D87-978B-4C2D-B30A-2A5CF58EDC99}.Debug|x64.Build.0 = Debug|x64
		{0B663D87-978B-4C2D-B30A-2A5CF58EDC99}.Debug|x86.ActiveCfg = Debug|Any CPU
		{0B663D87-978B-4C2D-B30A-2A5CF58EDC99}.Debug|x86.Build.0 = Debug|Any CPU
		{0B663D87-978B-4C2D-B30A-2A5CF58EDC99}.Release|Any CPU.ActiveCfg = Release|Any CPU
		{0B663D87-978B-4C2D-B30A-2A5CF58EDC99}.Release|Any CPU.Build.0 = Release|Any CPU
		{0B663D87-978B-4C2D-B30A-2A5CF58EDC99}.Release|x64.ActiveCfg = Release|x64
		{0B663D87-978B-4C2D-B30A-2A5CF58EDC99}.Release|x64.Build.0 = Release|x64
		{0B663D87-978B-4C2D-B30A-2A5CF58EDC99}.Release|x86.ActiveCfg = Release|Any CPU
		{0B663D87-978B-4C2D-B30A-2A5CF58EDC99}.Release|x86.Build.0 = Release|Any CPU
		{73291340-A2EC-44DD-89C5-78F9A8C9F40B}.Debug|Any CPU.ActiveCfg = Debug|Any CPU
		{73291340-A2EC-44DD-89C5-78F9A8C9F40B}.Debug|Any CPU.Build.0 = Debug|Any CPU
		{73291340-A2EC-44DD-89C5-78F9A8C9F40B}.Debug|x64.ActiveCfg = Debug|x64
		{73291340-A2EC-44DD-89C5-78F9A8C9F40B}.Debug|x64.Build.0 = Debug|x64
		{73291340-A2EC-44DD-89C5-78F9A8C9F40B}.Debug|x86.ActiveCfg = Debug|Any CPU
		{73291340-A2EC-44DD-89C5-78F9A8C9F40B}.Debug|x86.Build.0 = Debug|Any CPU
		{73291340-A2EC-44DD-89C5-78F9A8C9F40B}.Release|Any CPU.ActiveCfg = Release|Any CPU
		{73291340-A2EC-44DD-89C5-78F9A8C9F40B}.Release|Any CPU.Build.0 = Release|Any CPU
		{73291340-A2EC-44DD-89C5-78F9A8C9F40B}.Release|x64.ActiveCfg = Release|x64
		{73291340-A2EC-44DD-89C5-78F9A8C9F40B}.Release|x64.Build.0 = Release|x64
		{73291340-A2EC-44DD-89C5-78F9A8C9F40B}.Release|x86.ActiveCfg = Release|Any CPU
		{73291340-A2EC-44DD-89C5-78F9A8C9F40B}.Release|x86.Build.0 = Release|Any CPU
		{7599B173-5E66-45B0-9E16-DC91776B44CC}.Debug|Any CPU.ActiveCfg = Debug|Any CPU
		{7599B173-5E66-45B0-9E16-DC91776B44CC}.Debug|Any CPU.Build.0 = Debug|Any CPU
		{7599B173-5E66-45B0-9E16-DC91776B44CC}.Debug|x64.ActiveCfg = Debug|x64
		{7599B173-5E66-45B0-9E16-DC91776B44CC}.Debug|x64.Build.0 = Debug|x64
		{7599B173-5E66-45B0-9E16-DC91776B44CC}.Debug|x86.ActiveCfg = Debug|Any CPU
		{7599B173-5E66-45B0-9E16-DC91776B44CC}.Debug|x86.Build.0 = Debug|Any CPU
		{7599B173-5E66-45B0-9E16-DC91776B44CC}.Release|Any CPU.ActiveCfg = Release|Any CPU
		{7599B173-5E66-45B0-9E16-DC91776B44CC}.Release|Any CPU.Build.0 = Release|Any CPU
		{7599B173-5E66-45B0-9E16-DC91776B44CC}.Release|x64.ActiveCfg = Release|x64
		{7599B173-5E66-45B0-9E16-DC91776B44CC}.Release|x64.Build.0 = Release|x64
		{7599B173-5E66-45B0-9E16-DC91776B44CC}.Release|x86.ActiveCfg = Release|Any CPU
		{7599B173-5E66-45B0-9E16-DC91776B44CC}.Release|x86.Build.0 = Release|Any CPU
		{6F67D8DD-64C9-4264-9C15-7311AC1DA79F}.Debug|Any CPU.ActiveCfg = Debug|Any CPU
		{6F67D8DD-64C9-4264-9C15-7311AC1DA79F}.Debug|Any CPU.Build.0 = Debug|Any CPU
		{6F67D8DD-64C9-4264-9C15-7311AC1DA79F}.Debug|x64.ActiveCfg = Debug|x64
		{6F67D8DD-64C9-4264-9C15-7311AC1DA79F}.Debug|x64.Build.0 = Debug|x64
		{6F67D8DD-64C9-4264-9C15-7311AC1DA79F}.Debug|x86.ActiveCfg = Debug|Any CPU
		{6F67D8DD-64C9-4264-9C15-7311AC1DA79F}.Debug|x86.Build.0 = Debug|Any CPU
		{6F67D8DD-64C9-4264-9C15-7311AC1DA79F}.Release|Any CPU.ActiveCfg = Release|Any CPU
		{6F67D8DD-64C9-4264-9C15-7311AC1DA79F}.Release|Any CPU.Build.0 = Release|Any CPU
		{6F67D8DD-64C9-4264-9C15-7311AC1DA79F}.Release|x64.ActiveCfg = Release|x64
		{6F67D8DD-64C9-4264-9C15-7311AC1DA79F}.Release|x64.Build.0 = Release|x64
		{6F67D8DD-64C9-4264-9C15-7311AC1DA79F}.Release|x86.ActiveCfg = Release|Any CPU
		{6F67D8DD-64C9-4264-9C15-7311AC1DA79F}.Release|x86.Build.0 = Release|Any CPU
		{741CDA0A-C562-4E7F-AE37-C01DC8C67697}.Debug|Any CPU.ActiveCfg = Debug|x64
		{741CDA0A-C562-4E7F-AE37-C01DC8C67697}.Debug|Any CPU.Build.0 = Debug|x64
		{741CDA0A-C562-4E7F-AE37-C01DC8C67697}.Debug|x64.ActiveCfg = Debug|x64
		{741CDA0A-C562-4E7F-AE37-C01DC8C67697}.Debug|x64.Build.0 = Debug|x64
		{741CDA0A-C562-4E7F-AE37-C01DC8C67697}.Debug|x86.ActiveCfg = Debug|x86
		{741CDA0A-C562-4E7F-AE37-C01DC8C67697}.Debug|x86.Build.0 = Debug|x86
		{741CDA0A-C562-4E7F-AE37-C01DC8C67697}.Release|Any CPU.ActiveCfg = Release|x64
		{741CDA0A-C562-4E7F-AE37-C01DC8C67697}.Release|Any CPU.Build.0 = Release|x64
		{741CDA0A-C562-4E7F-AE37-C01DC8C67697}.Release|x64.ActiveCfg = Release|x64
		{741CDA0A-C562-4E7F-AE37-C01DC8C67697}.Release|x64.Build.0 = Release|x64
		{741CDA0A-C562-4E7F-AE37-C01DC8C67697}.Release|x86.ActiveCfg = Release|x86
		{741CDA0A-C562-4E7F-AE37-C01DC8C67697}.Release|x86.Build.0 = Release|x86
		{DE5B2581-E108-4047-9C2B-29F01CDF77A2}.Debug|Any CPU.ActiveCfg = Debug|Any CPU
		{DE5B2581-E108-4047-9C2B-29F01CDF77A2}.Debug|Any CPU.Build.0 = Debug|Any CPU
		{DE5B2581-E108-4047-9C2B-29F01CDF77A2}.Debug|x64.ActiveCfg = Debug|Any CPU
		{DE5B2581-E108-4047-9C2B-29F01CDF77A2}.Debug|x64.Build.0 = Debug|Any CPU
		{DE5B2581-E108-4047-9C2B-29F01CDF77A2}.Debug|x86.ActiveCfg = Debug|Any CPU
		{DE5B2581-E108-4047-9C2B-29F01CDF77A2}.Debug|x86.Build.0 = Debug|Any CPU
		{DE5B2581-E108-4047-9C2B-29F01CDF77A2}.Release|Any CPU.ActiveCfg = Release|Any CPU
		{DE5B2581-E108-4047-9C2B-29F01CDF77A2}.Release|Any CPU.Build.0 = Release|Any CPU
		{DE5B2581-E108-4047-9C2B-29F01CDF77A2}.Release|x64.ActiveCfg = Release|Any CPU
		{DE5B2581-E108-4047-9C2B-29F01CDF77A2}.Release|x64.Build.0 = Release|Any CPU
		{DE5B2581-E108-4047-9C2B-29F01CDF77A2}.Release|x86.ActiveCfg = Release|Any CPU
		{DE5B2581-E108-4047-9C2B-29F01CDF77A2}.Release|x86.Build.0 = Release|Any CPU
		{3E6ACE73-23C6-4AA7-BEDE-46943AA45A78}.Debug|Any CPU.ActiveCfg = Debug|Any CPU
		{3E6ACE73-23C6-4AA7-BEDE-46943AA45A78}.Debug|Any CPU.Build.0 = Debug|Any CPU
		{3E6ACE73-23C6-4AA7-BEDE-46943AA45A78}.Debug|x64.ActiveCfg = Debug|Any CPU
		{3E6ACE73-23C6-4AA7-BEDE-46943AA45A78}.Debug|x64.Build.0 = Debug|Any CPU
		{3E6ACE73-23C6-4AA7-BEDE-46943AA45A78}.Debug|x86.ActiveCfg = Debug|Any CPU
		{3E6ACE73-23C6-4AA7-BEDE-46943AA45A78}.Debug|x86.Build.0 = Debug|Any CPU
		{3E6ACE73-23C6-4AA7-BEDE-46943AA45A78}.Release|Any CPU.ActiveCfg = Release|Any CPU
		{3E6ACE73-23C6-4AA7-BEDE-46943AA45A78}.Release|Any CPU.Build.0 = Release|Any CPU
		{3E6ACE73-23C6-4AA7-BEDE-46943AA45A78}.Release|x64.ActiveCfg = Release|Any CPU
		{3E6ACE73-23C6-4AA7-BEDE-46943AA45A78}.Release|x64.Build.0 = Release|Any CPU
		{3E6ACE73-23C6-4AA7-BEDE-46943AA45A78}.Release|x86.ActiveCfg = Release|Any CPU
		{3E6ACE73-23C6-4AA7-BEDE-46943AA45A78}.Release|x86.Build.0 = Release|Any CPU
		{5B86D92A-7B5C-4A7D-8506-1D0099DFD4D2}.Debug|Any CPU.ActiveCfg = Debug|Any CPU
		{5B86D92A-7B5C-4A7D-8506-1D0099DFD4D2}.Debug|Any CPU.Build.0 = Debug|Any CPU
		{5B86D92A-7B5C-4A7D-8506-1D0099DFD4D2}.Debug|x64.ActiveCfg = Debug|Any CPU
		{5B86D92A-7B5C-4A7D-8506-1D0099DFD4D2}.Debug|x64.Build.0 = Debug|Any CPU
		{5B86D92A-7B5C-4A7D-8506-1D0099DFD4D2}.Debug|x86.ActiveCfg = Debug|Any CPU
		{5B86D92A-7B5C-4A7D-8506-1D0099DFD4D2}.Debug|x86.Build.0 = Debug|Any CPU
		{5B86D92A-7B5C-4A7D-8506-1D0099DFD4D2}.Release|Any CPU.ActiveCfg = Release|Any CPU
		{5B86D92A-7B5C-4A7D-8506-1D0099DFD4D2}.Release|Any CPU.Build.0 = Release|Any CPU
		{5B86D92A-7B5C-4A7D-8506-1D0099DFD4D2}.Release|x64.ActiveCfg = Release|Any CPU
		{5B86D92A-7B5C-4A7D-8506-1D0099DFD4D2}.Release|x64.Build.0 = Release|Any CPU
		{5B86D92A-7B5C-4A7D-8506-1D0099DFD4D2}.Release|x86.ActiveCfg = Release|Any CPU
		{5B86D92A-7B5C-4A7D-8506-1D0099DFD4D2}.Release|x86.Build.0 = Release|Any CPU
		{DB4B442D-9B3C-498D-801D-7C3F12484B28}.Debug|Any CPU.ActiveCfg = Debug|Any CPU
		{DB4B442D-9B3C-498D-801D-7C3F12484B28}.Debug|Any CPU.Build.0 = Debug|Any CPU
		{DB4B442D-9B3C-498D-801D-7C3F12484B28}.Debug|x64.ActiveCfg = Debug|Any CPU
		{DB4B442D-9B3C-498D-801D-7C3F12484B28}.Debug|x64.Build.0 = Debug|Any CPU
		{DB4B442D-9B3C-498D-801D-7C3F12484B28}.Debug|x86.ActiveCfg = Debug|Any CPU
		{DB4B442D-9B3C-498D-801D-7C3F12484B28}.Debug|x86.Build.0 = Debug|Any CPU
		{DB4B442D-9B3C-498D-801D-7C3F12484B28}.Release|Any CPU.ActiveCfg = Release|Any CPU
		{DB4B442D-9B3C-498D-801D-7C3F12484B28}.Release|Any CPU.Build.0 = Release|Any CPU
		{DB4B442D-9B3C-498D-801D-7C3F12484B28}.Release|x64.ActiveCfg = Release|Any CPU
		{DB4B442D-9B3C-498D-801D-7C3F12484B28}.Release|x64.Build.0 = Release|Any CPU
		{DB4B442D-9B3C-498D-801D-7C3F12484B28}.Release|x86.ActiveCfg = Release|Any CPU
		{DB4B442D-9B3C-498D-801D-7C3F12484B28}.Release|x86.Build.0 = Release|Any CPU
		{6817CAB9-BEF4-4F54-BE5C-12EE52EC6AD4}.Debug|Any CPU.ActiveCfg = Debug
		{6817CAB9-BEF4-4F54-BE5C-12EE52EC6AD4}.Debug|x64.ActiveCfg = Debug
		{6817CAB9-BEF4-4F54-BE5C-12EE52EC6AD4}.Debug|x86.ActiveCfg = Debug
		{6817CAB9-BEF4-4F54-BE5C-12EE52EC6AD4}.Release|Any CPU.ActiveCfg = Release
		{6817CAB9-BEF4-4F54-BE5C-12EE52EC6AD4}.Release|x64.ActiveCfg = Release
		{6817CAB9-BEF4-4F54-BE5C-12EE52EC6AD4}.Release|x86.ActiveCfg = Release
	EndGlobalSection
	GlobalSection(SolutionProperties) = preSolution
		HideSolutionNode = FALSE
	EndGlobalSection
	GlobalSection(ExtensibilityGlobals) = postSolution
		SolutionGuid = {F447B542-6BC8-4869-8743-4C8B79453630}
	EndGlobalSection
EndGlobal
